// !$*UTF8*$!
{
	archiveVersion = 1;
	classes = {
	};
	objectVersion = 56;
	objects = {

/* Begin PBXBuildFile section */
		04318DA22E3A7FB900DEEFDF /* AppDelegate.swift in Sources */ = {isa = PBXBuildFile; fileRef = 04318DA12E3A7FB900DEEFDF /* AppDelegate.swift */; };
		04318DA42E3A7FB900DEEFDF /* SceneDelegate.swift in Sources */ = {isa = PBXBuildFile; fileRef = 04318DA32E3A7FB900DEEFDF /* SceneDelegate.swift */; };
		04318DAB2E3A7FBA00DEEFDF /* Assets.xcassets in Resources */ = {isa = PBXBuildFile; fileRef = 04318DAA2E3A7FBA00DEEFDF /* Assets.xcassets */; };
		04318DAE2E3A7FBA00DEEFDF /* LaunchScreen.storyboard in Resources */ = {isa = PBXBuildFile; fileRef = 04318DAC2E3A7FBA00DEEFDF /* LaunchScreen.storyboard */; };
		04318DB62E3AA3DF00DEEFDF /* SearchVC.swift in Sources */ = {isa = PBXBuildFile; fileRef = 04318DB52E3AA3DF00DEEFDF /* SearchVC.swift */; };
		04318DB82E3AA45600DEEFDF /* FavoritesListVC.swift in Sources */ = {isa = PBXBuildFile; fileRef = 04318DB72E3AA45600DEEFDF /* FavoritesListVC.swift */; };
		04318DBA2E3ABE5D00DEEFDF /* GFButton.swift in Sources */ = {isa = PBXBuildFile; fileRef = 04318DB92E3ABE5D00DEEFDF /* GFButton.swift */; };
		04318DBC2E3B2FD000DEEFDF /* GFTextField.swift in Sources */ = {isa = PBXBuildFile; fileRef = 04318DBB2E3B2FD000DEEFDF /* GFTextField.swift */; };
		04318DBE2E3BA90300DEEFDF /* FollowerListVC.swift in Sources */ = {isa = PBXBuildFile; fileRef = 04318DBD2E3BA90300DEEFDF /* FollowerListVC.swift */; };
		04318DC02E3BB6B100DEEFDF /* GFTitleLabel.swift in Sources */ = {isa = PBXBuildFile; fileRef = 04318DBF2E3BB6B100DEEFDF /* GFTitleLabel.swift */; };
		04318DC22E3BC05B00DEEFDF /* GFBodyLabel.swift in Sources */ = {isa = PBXBuildFile; fileRef = 04318DC12E3BC05B00DEEFDF /* GFBodyLabel.swift */; };
		04318DC42E3BC2E700DEEFDF /* GFAlertVC.swift in Sources */ = {isa = PBXBuildFile; fileRef = 04318DC32E3BC2E700DEEFDF /* GFAlertVC.swift */; };
		04318DC62E3BF82100DEEFDF /* UIViewController+Ext.swift in Sources */ = {isa = PBXBuildFile; fileRef = 04318DC52E3BF82100DEEFDF /* UIViewController+Ext.swift */; };
		0497C95C2E3CA0570039424A /* Follower.swift in Sources */ = {isa = PBXBuildFile; fileRef = 0497C95B2E3CA0570039424A /* Follower.swift */; };
		0497C95E2E3CA0CE0039424A /* User.swift in Sources */ = {isa = PBXBuildFile; fileRef = 0497C95D2E3CA0CE0039424A /* User.swift */; };
		0497C9612E3D5BF30039424A /* NetworkManager.swift in Sources */ = {isa = PBXBuildFile; fileRef = 0497C9602E3D5BF30039424A /* NetworkManager.swift */; };
		0497C9642E3E467D0039424A /* ErrorMessage.swift in Sources */ = {isa = PBXBuildFile; fileRef = 0497C9632E3E467D0039424A /* ErrorMessage.swift */; };
/* End PBXBuildFile section */

/* Begin PBXFileReference section */
		04318D9E2E3A7FB900DEEFDF /* GHFollower.app */ = {isa = PBXFileReference; explicitFileType = wrapper.application; includeInIndex = 0; path = GHFollower.app; sourceTree = BUILT_PRODUCTS_DIR; };
		04318DA12E3A7FB900DEEFDF /* AppDelegate.swift */ = {isa = PBXFileReference; lastKnownFileType = sourcecode.swift; path = AppDelegate.swift; sourceTree = "<group>"; };
		04318DA32E3A7FB900DEEFDF /* SceneDelegate.swift */ = {isa = PBXFileReference; lastKnownFileType = sourcecode.swift; path = SceneDelegate.swift; sourceTree = "<group>"; };
		04318DAA2E3A7FBA00DEEFDF /* Assets.xcassets */ = {isa = PBXFileReference; lastKnownFileType = folder.assetcatalog; path = Assets.xcassets; sourceTree = "<group>"; };
		04318DAD2E3A7FBA00DEEFDF /* Base */ = {isa = PBXFileReference; lastKnownFileType = file.storyboard; name = Base; path = Base.lproj/LaunchScreen.storyboard; sourceTree = "<group>"; };
		04318DAF2E3A7FBA00DEEFDF /* Info.plist */ = {isa = PBXFileReference; lastKnownFileType = text.plist.xml; path = Info.plist; sourceTree = "<group>"; };
		04318DB52E3AA3DF00DEEFDF /* SearchVC.swift */ = {isa = PBXFileReference; lastKnownFileType = sourcecode.swift; path = SearchVC.swift; sourceTree = "<group>"; };
		04318DB72E3AA45600DEEFDF /* FavoritesListVC.swift */ = {isa = PBXFileReference; lastKnownFileType = sourcecode.swift; path = FavoritesListVC.swift; sourceTree = "<group>"; };
		04318DB92E3ABE5D00DEEFDF /* GFButton.swift */ = {isa = PBXFileReference; lastKnownFileType = sourcecode.swift; path = GFButton.swift; sourceTree = "<group>"; };
		04318DBB2E3B2FD000DEEFDF /* GFTextField.swift */ = {isa = PBXFileReference; lastKnownFileType = sourcecode.swift; path = GFTextField.swift; sourceTree = "<group>"; };
		04318DBD2E3BA90300DEEFDF /* FollowerListVC.swift */ = {isa = PBXFileReference; lastKnownFileType = sourcecode.swift; path = FollowerListVC.swift; sourceTree = "<group>"; };
		04318DBF2E3BB6B100DEEFDF /* GFTitleLabel.swift */ = {isa = PBXFileReference; lastKnownFileType = sourcecode.swift; path = GFTitleLabel.swift; sourceTree = "<group>"; };
		04318DC12E3BC05B00DEEFDF /* GFBodyLabel.swift */ = {isa = PBXFileReference; lastKnownFileType = sourcecode.swift; path = GFBodyLabel.swift; sourceTree = "<group>"; };
		04318DC32E3BC2E700DEEFDF /* GFAlertVC.swift */ = {isa = PBXFileReference; lastKnownFileType = sourcecode.swift; path = GFAlertVC.swift; sourceTree = "<group>"; };
		04318DC52E3BF82100DEEFDF /* UIViewController+Ext.swift */ = {isa = PBXFileReference; lastKnownFileType = sourcecode.swift; path = "UIViewController+Ext.swift"; sourceTree = "<group>"; };
		0497C95B2E3CA0570039424A /* Follower.swift */ = {isa = PBXFileReference; lastKnownFileType = sourcecode.swift; path = Follower.swift; sourceTree = "<group>"; };
		0497C95D2E3CA0CE0039424A /* User.swift */ = {isa = PBXFileReference; lastKnownFileType = sourcecode.swift; path = User.swift; sourceTree = "<group>"; };
		0497C9602E3D5BF30039424A /* NetworkManager.swift */ = {isa = PBXFileReference; lastKnownFileType = sourcecode.swift; path = NetworkManager.swift; sourceTree = "<group>"; };
		0497C9632E3E467D0039424A /* ErrorMessage.swift */ = {isa = PBXFileReference; lastKnownFileType = sourcecode.swift; path = ErrorMessage.swift; sourceTree = "<group>"; };
/* End PBXFileReference section */

/* Begin PBXFrameworksBuildPhase section */
		04318D9B2E3A7FB900DEEFDF /* Frameworks */ = {
			isa = PBXFrameworksBuildPhase;
			buildActionMask = 2147483647;
			files = (
			);
			runOnlyForDeploymentPostprocessing = 0;
		};
/* End PBXFrameworksBuildPhase section */

/* Begin PBXGroup section */
		04318D952E3A7FB900DEEFDF = {
			isa = PBXGroup;
			children = (
				04318DA02E3A7FB900DEEFDF /* GHFollower */,
				04318D9F2E3A7FB900DEEFDF /* Products */,
			);
			sourceTree = "<group>";
		};
		04318D9F2E3A7FB900DEEFDF /* Products */ = {
			isa = PBXGroup;
			children = (
				04318D9E2E3A7FB900DEEFDF /* GHFollower.app */,
			);
			name = Products;
			sourceTree = "<group>";
		};
		04318DA02E3A7FB900DEEFDF /* GHFollower */ = {
			isa = PBXGroup;
			children = (
				0497C9622E3E46650039424A /* Utilities */,
				0497C95F2E3D5BCB0039424A /* Managers */,
				0497C95A2E3C9FF90039424A /* Model */,
				0497C9592E3C96860039424A /* Support */,
				0497C9582E3C962B0039424A /* Extensions */,
				0497C9572E3C95E00039424A /* Custom Views */,
				0497C9562E3C95A50039424A /* Screens */,
				04318DAF2E3A7FBA00DEEFDF /* Info.plist */,
			);
			path = GHFollower;
			sourceTree = "<group>";
		};
		0497C9562E3C95A50039424A /* Screens */ = {
			isa = PBXGroup;
			children = (
				04318DB52E3AA3DF00DEEFDF /* SearchVC.swift */,
				04318DB72E3AA45600DEEFDF /* FavoritesListVC.swift */,
				04318DBD2E3BA90300DEEFDF /* FollowerListVC.swift */,
			);
			path = Screens;
			sourceTree = "<group>";
		};
		0497C9572E3C95E00039424A /* Custom Views */ = {
			isa = PBXGroup;
			children = (
				04318DB92E3ABE5D00DEEFDF /* GFButton.swift */,
				04318DBB2E3B2FD000DEEFDF /* GFTextField.swift */,
				04318DBF2E3BB6B100DEEFDF /* GFTitleLabel.swift */,
				04318DC12E3BC05B00DEEFDF /* GFBodyLabel.swift */,
				04318DC32E3BC2E700DEEFDF /* GFAlertVC.swift */,
			);
			path = "Custom Views";
			sourceTree = "<group>";
		};
		0497C9582E3C962B0039424A /* Extensions */ = {
			isa = PBXGroup;
			children = (
				04318DC52E3BF82100DEEFDF /* UIViewController+Ext.swift */,
			);
			path = Extensions;
			sourceTree = "<group>";
		};
		0497C9592E3C96860039424A /* Support */ = {
			isa = PBXGroup;
			children = (
				04318DA12E3A7FB900DEEFDF /* AppDelegate.swift */,
				04318DA32E3A7FB900DEEFDF /* SceneDelegate.swift */,
				04318DAA2E3A7FBA00DEEFDF /* Assets.xcassets */,
				04318DAC2E3A7FBA00DEEFDF /* LaunchScreen.storyboard */,
			);
			path = Support;
			sourceTree = "<group>";
		};
		0497C95A2E3C9FF90039424A /* Model */ = {
			isa = PBXGroup;
			children = (
				0497C95B2E3CA0570039424A /* Follower.swift */,
				0497C95D2E3CA0CE0039424A /* User.swift */,
			);
			path = Model;
			sourceTree = "<group>";
		};
		0497C95F2E3D5BCB0039424A /* Managers */ = {
			isa = PBXGroup;
			children = (
				0497C9602E3D5BF30039424A /* NetworkManager.swift */,
			);
			path = Managers;
			sourceTree = "<group>";
		};
		0497C9622E3E46650039424A /* Utilities */ = {
			isa = PBXGroup;
			children = (
				0497C9632E3E467D0039424A /* ErrorMessage.swift */,
			);
			path = Utilities;
			sourceTree = "<group>";
		};
/* End PBXGroup section */

/* Begin PBXNativeTarget section */
		04318D9D2E3A7FB900DEEFDF /* GHFollower */ = {
			isa = PBXNativeTarget;
			buildConfigurationList = 04318DB22E3A7FBA00DEEFDF /* Build configuration list for PBXNativeTarget "GHFollower" */;
			buildPhases = (
				04318D9A2E3A7FB900DEEFDF /* Sources */,
				04318D9B2E3A7FB900DEEFDF /* Frameworks */,
				04318D9C2E3A7FB900DEEFDF /* Resources */,
			);
			buildRules = (
			);
			dependencies = (
			);
			name = GHFollower;
			productName = GHFollower;
			productReference = 04318D9E2E3A7FB900DEEFDF /* GHFollower.app */;
			productType = "com.apple.product-type.application";
		};
/* End PBXNativeTarget section */

/* Begin PBXProject section */
		04318D962E3A7FB900DEEFDF /* Project object */ = {
			isa = PBXProject;
			attributes = {
				BuildIndependentTargetsInParallel = 1;
				LastSwiftUpdateCheck = 1420;
				LastUpgradeCheck = 1420;
				TargetAttributes = {
					04318D9D2E3A7FB900DEEFDF = {
						CreatedOnToolsVersion = 14.2;
					};
				};
			};
			buildConfigurationList = 04318D992E3A7FB900DEEFDF /* Build configuration list for PBXProject "GHFollower" */;
			compatibilityVersion = "Xcode 14.0";
			developmentRegion = en;
			hasScannedForEncodings = 0;
			knownRegions = (
				en,
				Base,
			);
			mainGroup = 04318D952E3A7FB900DEEFDF;
			productRefGroup = 04318D9F2E3A7FB900DEEFDF /* Products */;
			projectDirPath = "";
			projectRoot = "";
			targets = (
				04318D9D2E3A7FB900DEEFDF /* GHFollower */,
			);
		};
/* End PBXProject section */

/* Begin PBXResourcesBuildPhase section */
		04318D9C2E3A7FB900DEEFDF /* Resources */ = {
			isa = PBXResourcesBuildPhase;
			buildActionMask = 2147483647;
			files = (
				04318DAE2E3A7FBA00DEEFDF /* LaunchScreen.storyboard in Resources */,
				04318DAB2E3A7FBA00DEEFDF /* Assets.xcassets in Resources */,
			);
			runOnlyForDeploymentPostprocessing = 0;
		};
/* End PBXResourcesBuildPhase section */

/* Begin PBXSourcesBuildPhase section */
		04318D9A2E3A7FB900DEEFDF /* Sources */ = {
			isa = PBXSourcesBuildPhase;
			buildActionMask = 2147483647;
			files = (
				0497C95E2E3CA0CE0039424A /* User.swift in Sources */,
				04318DBC2E3B2FD000DEEFDF /* GFTextField.swift in Sources */,
				04318DB82E3AA45600DEEFDF /* FavoritesListVC.swift in Sources */,
				04318DBA2E3ABE5D00DEEFDF /* GFButton.swift in Sources */,
				04318DC62E3BF82100DEEFDF /* UIViewController+Ext.swift in Sources */,
				04318DB62E3AA3DF00DEEFDF /* SearchVC.swift in Sources */,
				04318DC42E3BC2E700DEEFDF /* GFAlertVC.swift in Sources */,
				0497C9642E3E467D0039424A /* ErrorMessage.swift in Sources */,
				04318DC22E3BC05B00DEEFDF /* GFBodyLabel.swift in Sources */,
				0497C95C2E3CA0570039424A /* Follower.swift in Sources */,
				04318DC02E3BB6B100DEEFDF /* GFTitleLabel.swift in Sources */,
				0497C9612E3D5BF30039424A /* NetworkManager.swift in Sources */,
				04318DBE2E3BA90300DEEFDF /* FollowerListVC.swift in Sources */,
				04318DA22E3A7FB900DEEFDF /* AppDelegate.swift in Sources */,
				04318DA42E3A7FB900DEEFDF /* SceneDelegate.swift in Sources */,
			);
			runOnlyForDeploymentPostprocessing = 0;
		};
/* End PBXSourcesBuildPhase section */

/* Begin PBXVariantGroup section */
		04318DAC2E3A7FBA00DEEFDF /* LaunchScreen.storyboard */ = {
			isa = PBXVariantGroup;
			children = (
				04318DAD2E3A7FBA00DEEFDF /* Base */,
			);
			name = LaunchScreen.storyboard;
			sourceTree = "<group>";
		};
/* End PBXVariantGroup section */

/* Begin XCBuildConfiguration section */
		04318DB02E3A7FBA00DEEFDF /* Debug */ = {
			isa = XCBuildConfiguration;
			buildSettings = {
				ALWAYS_SEARCH_USER_PATHS = NO;
				CLANG_ANALYZER_NONNULL = YES;
				CLANG_ANALYZER_NUMBER_OBJECT_CONVERSION = YES_AGGRESSIVE;
				CLANG_CXX_LANGUAGE_STANDARD = "gnu++20";
				CLANG_ENABLE_MODULES = YES;
				CLANG_ENABLE_OBJC_ARC = YES;
				CLANG_ENABLE_OBJC_WEAK = YES;
				CLANG_WARN_BLOCK_CAPTURE_AUTORELEASING = YES;
				CLANG_WARN_BOOL_CONVERSION = YES;
				CLANG_WARN_COMMA = YES;
				CLANG_WARN_CONSTANT_CONVERSION = YES;
				CLANG_WARN_DEPRECATED_OBJC_IMPLEMENTATIONS = YES;
				CLANG_WARN_DIRECT_OBJC_ISA_USAGE = YES_ERROR;
				CLANG_WARN_DOCUMENTATION_COMMENTS = YES;
				CLANG_WARN_EMPTY_BODY = YES;
				CLANG_WARN_ENUM_CONVERSION = YES;
				CLANG_WARN_INFINITE_RECURSION = YES;
				CLANG_WARN_INT_CONVERSION = YES;
				CLANG_WARN_NON_LITERAL_NULL_CONVERSION = YES;
				CLANG_WARN_OBJC_IMPLICIT_RETAIN_SELF = YES;
				CLANG_WARN_OBJC_LITERAL_CONVERSION = YES;
				CLANG_WARN_OBJC_ROOT_CLASS = YES_ERROR;
				CLANG_WARN_QUOTED_INCLUDE_IN_FRAMEWORK_HEADER = YES;
				CLANG_WARN_RANGE_LOOP_ANALYSIS = YES;
				CLANG_WARN_STRICT_PROTOTYPES = YES;
				CLANG_WARN_SUSPICIOUS_MOVE = YES;
				CLANG_WARN_UNGUARDED_AVAILABILITY = YES_AGGRESSIVE;
				CLANG_WARN_UNREACHABLE_CODE = YES;
				CLANG_WARN__DUPLICATE_METHOD_MATCH = YES;
				COPY_PHASE_STRIP = NO;
				DEBUG_INFORMATION_FORMAT = dwarf;
				ENABLE_STRICT_OBJC_MSGSEND = YES;
				ENABLE_TESTABILITY = YES;
				GCC_C_LANGUAGE_STANDARD = gnu11;
				GCC_DYNAMIC_NO_PIC = NO;
				GCC_NO_COMMON_BLOCKS = YES;
				GCC_OPTIMIZATION_LEVEL = 0;
				GCC_PREPROCESSOR_DEFINITIONS = (
					"DEBUG=1",
					"$(inherited)",
				);
				GCC_WARN_64_TO_32_BIT_CONVERSION = YES;
				GCC_WARN_ABOUT_RETURN_TYPE = YES_ERROR;
				GCC_WARN_UNDECLARED_SELECTOR = YES;
				GCC_WARN_UNINITIALIZED_AUTOS = YES_AGGRESSIVE;
				GCC_WARN_UNUSED_FUNCTION = YES;
				GCC_WARN_UNUSED_VARIABLE = YES;
				IPHONEOS_DEPLOYMENT_TARGET = 16.2;
				MTL_ENABLE_DEBUG_INFO = INCLUDE_SOURCE;
				MTL_FAST_MATH = YES;
				ONLY_ACTIVE_ARCH = YES;
				SDKROOT = iphoneos;
				SWIFT_ACTIVE_COMPILATION_CONDITIONS = DEBUG;
				SWIFT_OPTIMIZATION_LEVEL = "-Onone";
			};
			name = Debug;
		};
		04318DB12E3A7FBA00DEEFDF /* Release */ = {
			isa = XCBuildConfiguration;
			buildSettings = {
				ALWAYS_SEARCH_USER_PATHS = NO;
				CLANG_ANALYZER_NONNULL = YES;
				CLANG_ANALYZER_NUMBER_OBJECT_CONVERSION = YES_AGGRESSIVE;
				CLANG_CXX_LANGUAGE_STANDARD = "gnu++20";
				CLANG_ENABLE_MODULES = YES;
				CLANG_ENABLE_OBJC_ARC = YES;
				CLANG_ENABLE_OBJC_WEAK = YES;
				CLANG_WARN_BLOCK_CAPTURE_AUTORELEASING = YES;
				CLANG_WARN_BOOL_CONVERSION = YES;
				CLANG_WARN_COMMA = YES;
				CLANG_WARN_CONSTANT_CONVERSION = YES;
				CLANG_WARN_DEPRECATED_OBJC_IMPLEMENTATIONS = YES;
				CLANG_WARN_DIRECT_OBJC_ISA_USAGE = YES_ERROR;
				CLANG_WARN_DOCUMENTATION_COMMENTS = YES;
				CLANG_WARN_EMPTY_BODY = YES;
				CLANG_WARN_ENUM_CONVERSION = YES;
				CLANG_WARN_INFINITE_RECURSION = YES;
				CLANG_WARN_INT_CONVERSION = YES;
				CLANG_WARN_NON_LITERAL_NULL_CONVERSION = YES;
				CLANG_WARN_OBJC_IMPLICIT_RETAIN_SELF = YES;
				CLANG_WARN_OBJC_LITERAL_CONVERSION = YES;
				CLANG_WARN_OBJC_ROOT_CLASS = YES_ERROR;
				CLANG_WARN_QUOTED_INCLUDE_IN_FRAMEWORK_HEADER = YES;
				CLANG_WARN_RANGE_LOOP_ANALYSIS = YES;
				CLANG_WARN_STRICT_PROTOTYPES = YES;
				CLANG_WARN_SUSPICIOUS_MOVE = YES;
				CLANG_WARN_UNGUARDED_AVAILABILITY = YES_AGGRESSIVE;
				CLANG_WARN_UNREACHABLE_CODE = YES;
				CLANG_WARN__DUPLICATE_METHOD_MATCH = YES;
				COPY_PHASE_STRIP = NO;
				DEBUG_INFORMATION_FORMAT = "dwarf-with-dsym";
				ENABLE_NS_ASSERTIONS = NO;
				ENABLE_STRICT_OBJC_MSGSEND = YES;
				GCC_C_LANGUAGE_STANDARD = gnu11;
				GCC_NO_COMMON_BLOCKS = YES;
				GCC_WARN_64_TO_32_BIT_CONVERSION = YES;
				GCC_WARN_ABOUT_RETURN_TYPE = YES_ERROR;
				GCC_WARN_UNDECLARED_SELECTOR = YES;
				GCC_WARN_UNINITIALIZED_AUTOS = YES_AGGRESSIVE;
				GCC_WARN_UNUSED_FUNCTION = YES;
				GCC_WARN_UNUSED_VARIABLE = YES;
				IPHONEOS_DEPLOYMENT_TARGET = 16.2;
				MTL_ENABLE_DEBUG_INFO = NO;
				MTL_FAST_MATH = YES;
				SDKROOT = iphoneos;
				SWIFT_COMPILATION_MODE = wholemodule;
				SWIFT_OPTIMIZATION_LEVEL = "-O";
				VALIDATE_PRODUCT = YES;
			};
			name = Release;
		};
		04318DB32E3A7FBA00DEEFDF /* Debug */ = {
			isa = XCBuildConfiguration;
			buildSettings = {
				ASSETCATALOG_COMPILER_APPICON_NAME = AppIcon;
				ASSETCATALOG_COMPILER_GLOBAL_ACCENT_COLOR_NAME = AccentColor;
				CODE_SIGN_STYLE = Automatic;
				CURRENT_PROJECT_VERSION = 1;
				DEVELOPMENT_TEAM = HY52BP7W5P;
				GENERATE_INFOPLIST_FILE = YES;
				INFOPLIST_FILE = GHFollower/Info.plist;
				INFOPLIST_KEY_UIApplicationSupportsIndirectInputEvents = YES;
				INFOPLIST_KEY_UILaunchStoryboardName = LaunchScreen;
				INFOPLIST_KEY_UIStatusBarStyle = "";
				INFOPLIST_KEY_UISupportedInterfaceOrientations = UIInterfaceOrientationPortrait;
				LD_RUNPATH_SEARCH_PATHS = (
					"$(inherited)",
					"@executable_path/Frameworks",
				);
				MARKETING_VERSION = 1.0;
				PRODUCT_BUNDLE_IDENTIFIER = co.virat.GHFollower;
				PRODUCT_NAME = "$(TARGET_NAME)";
				SWIFT_EMIT_LOC_STRINGS = YES;
				SWIFT_VERSION = 5.0;
				TARGETED_DEVICE_FAMILY = "1,2";
			};
			name = Debug;
		};
		04318DB42E3A7FBA00DEEFDF /* Release */ = {
			isa = XCBuildConfiguration;
			buildSettings = {
				ASSETCATALOG_COMPILER_APPICON_NAME = AppIcon;
				ASSETCATALOG_COMPILER_GLOBAL_ACCENT_COLOR_NAME = AccentColor;
				CODE_SIGN_STYLE = Automatic;
				CURRENT_PROJECT_VERSION = 1;
				DEVELOPMENT_TEAM = HY52BP7W5P;
				GENERATE_INFOPLIST_FILE = YES;
				INFOPLIST_FILE = GHFollower/Info.plist;
				INFOPLIST_KEY_UIApplicationSupportsIndirectInputEvents = YES;
				INFOPLIST_KEY_UILaunchStoryboardName = LaunchScreen;
				INFOPLIST_KEY_UIStatusBarStyle = "";
				INFOPLIST_KEY_UISupportedInterfaceOrientations = UIInterfaceOrientationPortrait;
				LD_RUNPATH_SEARCH_PATHS = (
					"$(inherited)",
					"@executable_path/Frameworks",
				);
				MARKETING_VERSION = 1.0;
				PRODUCT_BUNDLE_IDENTIFIER = co.virat.GHFollower;
				PRODUCT_NAME = "$(TARGET_NAME)";
				SWIFT_EMIT_LOC_STRINGS = YES;
				SWIFT_VERSION = 5.0;
				TARGETED_DEVICE_FAMILY = "1,2";
			};
			name = Release;
		};
/* End XCBuildConfiguration section */

/* Begin XCConfigurationList section */
		04318D992E3A7FB900DEEFDF /* Build configuration list for PBXProject "GHFollower" */ = {
			isa = XCConfigurationList;
			buildConfigurations = (
				04318DB02E3A7FBA00DEEFDF /* Debug */,
				04318DB12E3A7FBA00DEEFDF /* Release */,
			);
			defaultConfigurationIsVisible = 0;
			defaultConfigurationName = Release;
		};
		04318DB22E3A7FBA00DEEFDF /* Build configuration list for PBXNativeTarget "GHFollower" */ = {
			isa = XCConfigurationList;
			buildConfigurations = (
				04318DB32E3A7FBA00DEEFDF /* Debug */,
				04318DB42E3A7FBA00DEEFDF /* Release */,
			);
			defaultConfigurationIsVisible = 0;
			defaultConfigurationName = Release;
		};
/* End XCConfigurationList section */
	};
	rootObject = 04318D962E3A7FB900DEEFDF /* Project object */;
}
